<Solution>
  <Project Path="PlanningAndExceptionSystem.Models/PlanningAndExceptionSystem.Models.csproj" />
  <Project Path="PlanningAndExceptionSystem.Services/PlanningAndExceptionSystem.Services.csproj" />
  <Project Path="PlanningAndExceptionSystem/PlanningAndExceptionSystem.csproj" />
  <Project Path="Repositories/PlanningAndExceptionSystem.Repositories.csproj" />
</Solution>